
Microsoft Visual Studio Solution File, Format Version 12.00
# Visual Studio Version 17
VisualStudioVersion = 17.10.35013.160
MinimumVisualStudioVersion = 10.0.40219.1
Project("{FAE04EC0-301F-11D3-BF4B-00C04F79EFBC}") = "BeyondStorage", "BeyondStorage\BeyondStorage.csproj", "{D45F5F47-54DF-442B-9DC2-2F79ADE4C7C7}"
EndProject
Project("{FAE04EC0-301F-11D3-BF4B-00C04F79EFBC}") = "AutoClaimChallenges", "AutoClaimChallenges\AutoClaimChallenges.csproj", "{C732D68B-D24D-44F6-90F6-93ECF191BCF1}"
EndProject
Project("{FAE04EC0-301F-11D3-BF4B-00C04F79EFBC}") = "SprintToggleFix", "SprintToggleFix\SprintToggleFix.csproj", "{860270A4-AB2A-4773-972B-FE673AC50E82}"
EndProject
Global
	GlobalSection(SolutionConfigurationPlatforms) = preSolution
		Debug|Any CPU = Debug|Any CPU
		Release|Any CPU = Release|Any CPU
	EndGlobalSection
	GlobalSection(ProjectConfigurationPlatforms) = postSolution
		{D45F5F47-54DF-442B-9DC2-2F79ADE4C7C7}.Debug|Any CPU.ActiveCfg = Debug|Any CPU
		{D45F5F47-54DF-442B-9DC2-2F79ADE4C7C7}.Release|Any CPU.ActiveCfg = Release|Any CPU
		{D45F5F47-54DF-442B-9DC2-2F79ADE4C7C7}.Release|Any CPU.Build.0 = Release|Any CPU
		{D45F5F47-54DF-442B-9DC2-2F79ADE4C7C7}.Debug|Any CPU.Build.0 = Debug|Any CPU
		{C732D68B-D24D-44F6-90F6-93ECF191BCF1}.Debug|Any CPU.ActiveCfg = Debug|Any CPU
		{C732D68B-D24D-44F6-90F6-93ECF191BCF1}.Release|Any CPU.ActiveCfg = Release|Any CPU
		{C732D68B-D24D-44F6-90F6-93ECF191BCF1}.Release|Any CPU.Build.0 = Release|Any CPU
		{C732D68B-D24D-44F6-90F6-93ECF191BCF1}.Debug|Any CPU.Build.0 = Debug|Any CPU
		{860270A4-AB2A-4773-972B-FE673AC50E82}.Debug|Any CPU.ActiveCfg = Debug|Any CPU
		{860270A4-AB2A-4773-972B-FE673AC50E82}.Release|Any CPU.ActiveCfg = Release|Any CPU
		{860270A4-AB2A-4773-972B-FE673AC50E82}.Release|Any CPU.Build.0 = Release|Any CPU
		{860270A4-AB2A-4773-972B-FE673AC50E82}.Debug|Any CPU.Build.0 = Debug|Any CPU
	EndGlobalSection
	GlobalSection(SolutionProperties) = preSolution
		HideSolutionNode = FALSE
	EndGlobalSection
	GlobalSection(ExtensibilityGlobals) = postSolution
		SolutionGuid = {CD5781C2-4748-4686-BA84-1737887BD202}
	EndGlobalSection
	GlobalSection(NestedProjects) = preSolution
	EndGlobalSection
EndGlobal
